
Microsoft Visual Studio Solution File, Format Version 12.00
# Visual Studio Version 17
VisualStudioVersion = 17.12.35527.113
MinimumVisualStudioVersion = 10.0.40219.1
Project("{FAE04EC0-301F-11D3-BF4B-00C04F79EFBC}") = "prvaaplikacija", "prvaaplikacija\prvaaplikacija.csproj", "{172728B0-1184-47AC-A774-BE8E0DADCD71}"
EndProject
Project("{FAE04EC0-301F-11D3-BF4B-00C04F79EFBC}") = "Varijable", "Varijable\Varijable.csproj", "{BE2449CE-06FE-4410-893C-45F951C4E6AB}"
EndProject
Project("{FAE04EC0-301F-11D3-BF4B-00C04F79EFBC}") = "OpsegPovrsinaKruga", "OpsegPovrsinaKruga\OpsegPovrsinaKruga.csproj", "{0D61C839-26CF-4EE9-8F7C-8D4882275484}"
EndProject
Project("{FAE04EC0-301F-11D3-BF4B-00C04F79EFBC}") = "PodaktovniI_tipovi", "PodaktovniI_tipovi\PodaktovniI_tipovi.csproj", "{89638C58-2151-4787-8A51-2036B6DF0156}"
EndProject
Project("{FAE04EC0-301F-11D3-BF4B-00C04F79EFBC}") = "Operatori", "Operatori\Operatori.csproj", "{DE97C293-F964-4725-A787-9973FD11B8BF}"
EndProject
Project("{FAE04EC0-301F-11D3-BF4B-00C04F79EFBC}") = "Trokut", "Trokut\Trokut.csproj", "{F23440AD-43AB-4FF5-834E-295AC56B7FE1}"
EndProject
Project("{FAE04EC0-301F-11D3-BF4B-00C04F79EFBC}") = "GrananjeIF", "GrananjeIF\GrananjeIF.csproj", "{6821DF8C-1413-4D16-AC10-D428E416CE7B}"
EndProject
Project("{FAE04EC0-301F-11D3-BF4B-00C04F79EFBC}") = "Pumpa", "Pumpa\Pumpa.csproj", "{3DB76E06-56D4-4A81-9AD9-47B98F19A9D2}"
EndProject
Project("{FAE04EC0-301F-11D3-BF4B-00C04F79EFBC}") = "GrananjeIF_ELSE", "GrananjeIF_ELSE\GrananjeIF_ELSE.csproj", "{4A50D480-2ECC-4596-9E8F-B5C96EB203BE}"
EndProject
Project("{FAE04EC0-301F-11D3-BF4B-00C04F79EFBC}") = "Kvadratna jednadzba", "Kvadratna jednadzba\Kvadratna jednadzba.csproj", "{1B25D786-58C3-475B-B03E-6AE191B7632F}"
EndProject
Project("{FAE04EC0-301F-11D3-BF4B-00C04F79EFBC}") = "Ocjene IF", "Ocjene IF\Ocjene IF.csproj", "{3A11B4D2-6923-4439-AADF-61D11B46E7B5}"
EndProject
Project("{FAE04EC0-301F-11D3-BF4B-00C04F79EFBC}") = "Grananje switch", "Grananje switch\Grananje switch.csproj", "{35519556-6F05-4728-8D11-D452F1EDAEFF}"
EndProject
Project("{FAE04EC0-301F-11D3-BF4B-00C04F79EFBC}") = "OcjeneSwitch", "OcjeneSwitch\OcjeneSwitch.csproj", "{5B56069E-1A8D-434E-90CB-3457E257BC38}"
EndProject
Project("{FAE04EC0-301F-11D3-BF4B-00C04F79EFBC}") = "Petlja FOR", "Petlja FOR\Petlja FOR.csproj", "{B148FCAA-9ABC-4DD2-A922-2A430531DA4C}"
EndProject
Project("{FAE04EC0-301F-11D3-BF4B-00C04F79EFBC}") = "Suma prvih 100", "Suma prvih 100\Suma prvih 100.csproj", "{2EF092D4-B2FE-41C8-98DE-3C3DC8DCC0D7}"
EndProject
Project("{FAE04EC0-301F-11D3-BF4B-00C04F79EFBC}") = "Prosjek ocjena", "Prosjek ocjena\Prosjek ocjena.csproj", "{19767F9E-C998-43D0-AE0F-40EB74B272A7}"
EndProject
Project("{FAE04EC0-301F-11D3-BF4B-00C04F79EFBC}") = "Grananjeugnjezdeno", "Grananjeugnjezdeno\Grananjeugnjezdeno.csproj", "{BE97B745-9731-43CD-A745-59C22E1CB5F8}"
EndProject
Project("{FAE04EC0-301F-11D3-BF4B-00C04F79EFBC}") = "PetljaDOWHILE", "ConsoleApp\PetljaDOWHILE.csproj", "{ADAEDC81-F540-4A7E-B48C-CF6FF520DB51}"
EndProject
Project("{FAE04EC0-301F-11D3-BF4B-00C04F79EFBC}") = "Prosjek brojeva2", "Prosjek brojeva2\Prosjek brojeva2.csproj", "{5F2207EC-CB18-424B-ADDF-DF0E666B9E49}"
EndProject
Project("{FAE04EC0-301F-11D3-BF4B-00C04F79EFBC}") = "Ugnjezdivanje petlji", "Ugnjezdivanje petlji\Ugnjezdivanje petlji.csproj", "{597D4436-568D-435A-A276-36CC0279975F}"
EndProject
Project("{FAE04EC0-301F-11D3-BF4B-00C04F79EFBC}") = "Tisucu prostih", "Tisucu prostih\Tisucu prostih.csproj", "{40359189-33FF-4BF1-AFD2-A8A705A7F01A}"
EndProject
Project("{FAE04EC0-301F-11D3-BF4B-00C04F79EFBC}") = "Sume znamenki i brojeva", "Sume znamenki i brojeva\Sume znamenki i brojeva.csproj", "{2FF17F9D-DF9F-487B-927A-163F25A8619E}"
EndProject
Project("{FAE04EC0-301F-11D3-BF4B-00C04F79EFBC}") = "NajveceSumeZnamenki", "NajveceSumeZnamenki\NajveceSumeZnamenki.csproj", "{20D3BF39-13C3-4C6B-8B7C-2503BFBACE2D}"
EndProject
Project("{FAE04EC0-301F-11D3-BF4B-00C04F79EFBC}") = "Prost", "Prost\Prost.csproj", "{6DEA5E98-8438-46AC-866F-C069D34772AA}"
EndProject
Project("{FAE04EC0-301F-11D3-BF4B-00C04F79EFBC}") = "Djeljivi sa 3 u rasponu", "Djeljivi sa 3 u rasponu\Djeljivi sa 3 u rasponu.csproj", "{DD2932E5-0C3E-437D-861F-29EAA45390E9}"
EndProject
Project("{FAE04EC0-301F-11D3-BF4B-00C04F79EFBC}") = "PetljaWhile", "PetljaWhile\PetljaWhile.csproj", "{3088A020-047E-48D2-9ED5-A1A6DD04114D}"
EndProject
Project("{FAE04EC0-301F-11D3-BF4B-00C04F79EFBC}") = "Prosjek brojeva", "Prosjek brojeva\Prosjek brojeva.csproj", "{6FDA49ED-B074-439F-8E6D-4B13C9C1CB87}"
EndProject
Project("{FAE04EC0-301F-11D3-BF4B-00C04F79EFBC}") = "Sumaznamenki", "Sumaznamenki\Sumaznamenki.csproj", "{E4617B2F-EA20-43A0-A4D1-E7BAF5E03551}"
EndProject
Project("{FAE04EC0-301F-11D3-BF4B-00C04F79EFBC}") = "Polja", "Polja\Polja.csproj", "{1E6568F6-DCD0-4D96-968F-0F484F04B6C9}"
EndProject
Project("{FAE04EC0-301F-11D3-BF4B-00C04F79EFBC}") = "Loto", "Loto\Loto.csproj", "{B458BDD2-0579-4878-98EC-B8C0BDFABAD3}"
EndProject
Project("{FAE04EC0-301F-11D3-BF4B-00C04F79EFBC}") = "Najviše ponavljanja", "Najviše ponavljanja\Najviše ponavljanja.csproj", "{3FEE4F09-910D-45D5-AA8A-8CC2CE6819C4}"
EndProject
Project("{FAE04EC0-301F-11D3-BF4B-00C04F79EFBC}") = "Imena", "Imena\Imena.csproj", "{4984F012-FF60-4902-8E13-F5CD584F7F42}"
EndProject
Project("{FAE04EC0-301F-11D3-BF4B-00C04F79EFBC}") = "KontrolneNaredbe", "KontrolneNaredbe\KontrolneNaredbe.csproj", "{4AEE30C4-B719-4DBB-80D8-655A2BF4FD07}"
EndProject
Project("{FAE04EC0-301F-11D3-BF4B-00C04F79EFBC}") = "ProsjekOcjenaSKontrolom", "ProsjekOcjenaSKontrolom\ProsjekOcjenaSKontrolom.csproj", "{34AA512F-9FFA-4D83-A00F-7C5205BBAB90}"
EndProject
Project("{FAE04EC0-301F-11D3-BF4B-00C04F79EFBC}") = "BezuvjetniSkok", "BezuvjetniSkok\BezuvjetniSkok.csproj", "{207AE6F2-0797-4EFA-9553-AE352B1E5BBB}"
EndProject
Project("{FAE04EC0-301F-11D3-BF4B-00C04F79EFBC}") = "Foreach", "Foreach\Foreach.csproj", "{6AB9D1C2-4F39-44FC-A7A6-F9DCC117BED5}"
EndProject
Project("{FAE04EC0-301F-11D3-BF4B-00C04F79EFBC}") = "Funkcije", "Funkcije\Funkcije.csproj", "{B8A000EE-DC50-44F4-8522-87AD0080C7D9}"
EndProject
Project("{FAE04EC0-301F-11D3-BF4B-00C04F79EFBC}") = "Provjere brojeva", "Provjere brojeva\Provjere brojeva.csproj", "{D38BCF97-1BA2-4329-A7E3-481BAF1B1322}"
EndProject
Project("{FAE04EC0-301F-11D3-BF4B-00C04F79EFBC}") = "Preopterecivanje", "Preopterecivanje\Preopterecivanje.csproj", "{2CD61CEC-8556-4A9C-A46D-72255297D78A}"
EndProject
Project("{FAE04EC0-301F-11D3-BF4B-00C04F79EFBC}") = "PreopterecivanjeKrug", "PreopterecivanjeKrug\PreopterecivanjeKrug.csproj", "{09AEDA4E-3E19-44E9-857A-A941859A5B80}"
EndProject
Project("{FAE04EC0-301F-11D3-BF4B-00C04F79EFBC}") = "ProsljedjivanjeVrRef", "ProsljedjivanjeVrRef\ProsljedjivanjeVrRef.csproj", "{25D3E4B8-F4D5-4801-9A96-2B606B200351}"
EndProject
Project("{FAE04EC0-301F-11D3-BF4B-00C04F79EFBC}") = "RefParametar", "ConsoleApp1\RefParametar.csproj", "{1063600E-B2FA-4616-97F2-943E2D2A81C3}"
EndProject
Project("{FAE04EC0-301F-11D3-BF4B-00C04F79EFBC}") = "OutParametar", "OutParametar\OutParametar.csproj", "{B3FCD129-A82D-4485-A0B6-E0DA38BFD277}"
EndProject
Project("{FAE04EC0-301F-11D3-BF4B-00C04F79EFBC}") = "PokusajUnosa", "PokusajUnosa\PokusajUnosa.csproj", "{24D670A6-2569-4D18-9F32-10FD1A08E909}"
EndProject
Project("{FAE04EC0-301F-11D3-BF4B-00C04F79EFBC}") = "RekurzivnaFuncija", "RekurzivnaFuncija\RekurzivnaFuncija.csproj", "{48771691-D2F5-473D-B2D6-ED61B34286E4}"
EndProject
Project("{FAE04EC0-301F-11D3-BF4B-00C04F79EFBC}") = "KlaseUvod", "KlaseUvod\KlaseUvod.csproj", "{14E99EFA-BCFB-4ED3-8ECC-30FD7B0F188A}"
EndProject
Project("{FAE04EC0-301F-11D3-BF4B-00C04F79EFBC}") = "Enkapsulacija", "Enkapsulacija\Enkapsulacija.csproj", "{ABFBBE09-D483-4BE0-A0B4-FAD467589E2C}"
EndProject
Project("{FAE04EC0-301F-11D3-BF4B-00C04F79EFBC}") = "DogadjajUvodu", "DogadjajUvodu\DogadjajUvodu.csproj", "{9E357A44-2117-4095-9005-FA7D4AC34B20}"
EndProject
Project("{FAE04EC0-301F-11D3-BF4B-00C04F79EFBC}") = "Nasljedjivanje", "Nasljedjivanje\Nasljedjivanje.csproj", "{5161DA82-1D19-48CC-93B2-3F7B188B41DA}"
EndProject
Project("{FAE04EC0-301F-11D3-BF4B-00C04F79EFBC}") = "KlaseAutomobil", "KlaseAutomobil\KlaseAutomobil.csproj", "{80F66D59-8A90-470D-949D-B0DFA5378E4F}"
EndProject
Project("{FAE04EC0-301F-11D3-BF4B-00C04F79EFBC}") = "Polimorfizam", "Polimorfizam\Polimorfizam.csproj", "{45C1BDF4-3324-4FBF-94A2-860B2F7AB391}"
EndProject
Project("{FAE04EC0-301F-11D3-BF4B-00C04F79EFBC}") = "OtvorenaRekurzija", "OtvorenaRekurzija\OtvorenaRekurzija.csproj", "{B67ED9B2-7019-4DC9-812E-DF118CC3507E}"
EndProject
Project("{FAE04EC0-301F-11D3-BF4B-00C04F79EFBC}") = "IznimkeUvod", "IznimkeUvod\IznimkeUvod.csproj", "{AF11D7D6-F304-4A58-9726-C2F850148B55}"
EndProject
Project("{FAE04EC0-301F-11D3-BF4B-00C04F79EFBC}") = "IznimkeMatematika", "IznimkeMatematika\IznimkeMatematika.csproj", "{894FD988-4160-4A5B-B2FB-CA4C7DFC9FDD}"
EndProject
Project("{FAE04EC0-301F-11D3-BF4B-00C04F79EFBC}") = "IznimkeBacanje", "IznimkeBacanje\IznimkeBacanje.csproj", "{C8ED2D3A-E227-4DC8-B746-7C072F6FBB76}"
EndProject
Project("{FAE04EC0-301F-11D3-BF4B-00C04F79EFBC}") = "IznimkeWhen", "IznimkeWhen\IznimkeWhen.csproj", "{C7F782C6-8693-44F4-B5DD-503173BAF934}"
EndProject
Project("{FAE04EC0-301F-11D3-BF4B-00C04F79EFBC}") = "Prozor", "Prozor\Prozor.csproj", "{285A875C-8B18-4F42-88DB-067981821BE0}"
EndProject
Project("{FAE04EC0-301F-11D3-BF4B-00C04F79EFBC}") = "IznimkeVlastite", "IznimkeVlastite\IznimkeVlastite.csproj", "{29E13E23-2FCD-47BF-B165-641F2B7C4200}"
EndProject
Project("{FAE04EC0-301F-11D3-BF4B-00C04F79EFBC}") = "StringUvod", "StringUvod\StringUvod.csproj", "{729E7AAA-A64F-4F7E-BF9D-A8C55C5655A4}"
EndProject
Project("{FAE04EC0-301F-11D3-BF4B-00C04F79EFBC}") = "StringFormatiranje", "StringFormatiranje\StringFormatiranje.csproj", "{D4F81F06-9606-4934-A4C0-6DB3AC8F80FA}"
EndProject
Project("{FAE04EC0-301F-11D3-BF4B-00C04F79EFBC}") = "StringZnakovi", "StringZnakovi\StringZnakovi.csproj", "{457C0AE0-21AD-48BE-BFDC-36A1D0EB9C37}"
EndProject
Project("{FAE04EC0-301F-11D3-BF4B-00C04F79EFBC}") = "StringPrazan", "StringPrazan\StringPrazan.csproj", "{22E41351-A00E-4DFD-B8E2-9266A549EC84}"
EndProject
Project("{FAE04EC0-301F-11D3-BF4B-00C04F79EFBC}") = "StringBuilder", "StringBuilder\StringBuilder.csproj", "{E8A5C12A-A129-4779-9559-56D60B7C6304}"
EndProject
Project("{FAE04EC0-301F-11D3-BF4B-00C04F79EFBC}") = "StringOperatori", "StringOperatori\StringOperatori.csproj", "{6E6E1EE9-4F5B-4905-96AB-F2053EF85608}"
EndProject
Project("{FAE04EC0-301F-11D3-BF4B-00C04F79EFBC}") = "StringMetodeSvojstva", "StringMetodeSvojstva\StringMetodeSvojstva.csproj", "{A7E98D14-C65A-4EC3-BA4F-79DA9AD08706}"
EndProject
Project("{FAE04EC0-301F-11D3-BF4B-00C04F79EFBC}") = "BrojacRijeciURecenici", "BrojacRijeciURecenici\BrojacRijeciURecenici.csproj", "{FDA205D9-3BE1-4764-AEED-178B3C4B65F9}"
EndProject
Project("{FAE04EC0-301F-11D3-BF4B-00C04F79EFBC}") = "DatotekaPisanje", "DatotekaPisanje\DatotekaPisanje.csproj", "{9AC3FE58-F273-418C-8F54-12C0B021D525}"
EndProject
Project("{FAE04EC0-301F-11D3-BF4B-00C04F79EFBC}") = "DatotekaUpisRecenica", "DatotekaUpisRecenica\DatotekaUpisRecenica.csproj", "{6853377B-997C-4203-8E03-EE35FE28B016}"
EndProject
Project("{FAE04EC0-301F-11D3-BF4B-00C04F79EFBC}") = "DatotekeTipoviCitanjaPisanja", "DatotekeTipoviCitanjaPisanja\DatotekeTipoviCitanjaPisanja.csproj", "{F5C677E7-1924-487C-9E0E-F98C5D56A446}"
EndProject
Project("{FAE04EC0-301F-11D3-BF4B-00C04F79EFBC}") = "Adresar", "Adresar\Adresar.csproj", "{99DDF8EC-577E-431B-8E3D-951463EE836E}"
EndProject
Project("{FAE04EC0-301F-11D3-BF4B-00C04F79EFBC}") = "PathKlasa", "PathKlasa\PathKlasa.csproj", "{07928A20-C7FC-454E-A280-4BEE2A0BADF6}"
EndProject
Project("{FAE04EC0-301F-11D3-BF4B-00C04F79EFBC}") = "FileKlasa", "FileKlasa\FileKlasa.csproj", "{4EBA37F3-6B9B-4038-9C29-4FE5BFB8B9F0}"
EndProject
Project("{FAE04EC0-301F-11D3-BF4B-00C04F79EFBC}") = "DirectoryKlasa", "DirectoryKlasa\DirectoryKlasa.csproj", "{3C563566-C5E5-416C-886A-0C4D2EC40422}"
EndProject
Project("{FAE04EC0-301F-11D3-BF4B-00C04F79EFBC}") = "TypeUnsafeKolekcija", "TypeUnsafeKolekcija\TypeUnsafeKolekcija.csproj", "{95A8EB04-C03E-4737-A7F8-05B12D29B660}"
EndProject
Project("{FAE04EC0-301F-11D3-BF4B-00C04F79EFBC}") = "Liste", "Liste\Liste.csproj", "{6CB3BE17-6076-4B45-A7DE-E7AD9C786065}"
EndProject
Project("{FAE04EC0-301F-11D3-BF4B-00C04F79EFBC}") = "Rijecnik", "Rijecnik\Rijecnik.csproj", "{49D977B8-E92B-4A03-97B0-98E64796C853}"
EndProject
Project("{FAE04EC0-301F-11D3-BF4B-00C04F79EFBC}") = "Red", "ConsoleApp2\Red.csproj", "{9AA0DF45-84BF-42DA-BABA-EEDEE1D2A662}"
EndProject
Project("{FAE04EC0-301F-11D3-BF4B-00C04F79EFBC}") = "Stog", "Stog\Stog.csproj", "{16A354D1-3646-4F88-B674-D475DCA36D9D}"
EndProject
Project("{FAE04EC0-301F-11D3-BF4B-00C04F79EFBC}") = "XMLRSS", "XMLRSS\XMLRSS.csproj", "{9E3AABF1-09D4-454C-8EB6-7186F6D25007}"
EndProject
Project("{FAE04EC0-301F-11D3-BF4B-00C04F79EFBC}") = "XMLPisanje", "XMLPisanje\XMLPisanje.csproj", "{EE3E0EEC-BCAF-4BC6-89E2-38F455DC5179}"
EndProject
Project("{FAE04EC0-301F-11D3-BF4B-00C04F79EFBC}") = "JSONUvod", "JSONUvod\JSONUvod.csproj", "{D4DCB2E0-A208-4EB4-AE34-30CAEB20F102}"
EndProject
Project("{FAE04EC0-301F-11D3-BF4B-00C04F79EFBC}") = "XMLUvod", "XMLUvod\XMLUvod.csproj", "{FEDB103F-8450-4E9B-B46E-64EA014D7182}"
EndProject
Project("{FAE04EC0-301F-11D3-BF4B-00C04F79EFBC}") = "XMLManipulacija", "XMLManipulacija\XMLManipulacija.csproj", "{79B6B17C-581B-4AE6-A016-9DE8ABBBBCAA}"
EndProject
Project("{FAE04EC0-301F-11D3-BF4B-00C04F79EFBC}") = "LINQOrderby", "LINQOrderby\LINQOrderby.csproj", "{10F69035-2B9D-490C-A351-C625EEDF3A66}"
EndProject
Project("{FAE04EC0-301F-11D3-BF4B-00C04F79EFBC}") = "JSONhttp", "JSONhttp\JSONhttp.csproj", "{45F8362C-CB60-4813-8D1B-0C7D00FD3208}"
EndProject
Project("{FAE04EC0-301F-11D3-BF4B-00C04F79EFBC}") = "LINQUvod", "LINQUvod\LINQUvod.csproj", "{D5075073-ADD5-4F51-A1C0-5B1AFA8B1E12}"
EndProject
Global
	GlobalSection(SolutionConfigurationPlatforms) = preSolution
		Debug|Any CPU = Debug|Any CPU
		Release|Any CPU = Release|Any CPU
	EndGlobalSection
	GlobalSection(ProjectConfigurationPlatforms) = postSolution
		{172728B0-1184-47AC-A774-BE8E0DADCD71}.Debug|Any CPU.ActiveCfg = Debug|Any CPU
		{172728B0-1184-47AC-A774-BE8E0DADCD71}.Debug|Any CPU.Build.0 = Debug|Any CPU
		{172728B0-1184-47AC-A774-BE8E0DADCD71}.Release|Any CPU.ActiveCfg = Release|Any CPU
		{172728B0-1184-47AC-A774-BE8E0DADCD71}.Release|Any CPU.Build.0 = Release|Any CPU
		{BE2449CE-06FE-4410-893C-45F951C4E6AB}.Debug|Any CPU.ActiveCfg = Debug|Any CPU
		{BE2449CE-06FE-4410-893C-45F951C4E6AB}.Debug|Any CPU.Build.0 = Debug|Any CPU
		{BE2449CE-06FE-4410-893C-45F951C4E6AB}.Release|Any CPU.ActiveCfg = Release|Any CPU
		{BE2449CE-06FE-4410-893C-45F951C4E6AB}.Release|Any CPU.Build.0 = Release|Any CPU
		{0D61C839-26CF-4EE9-8F7C-8D4882275484}.Debug|Any CPU.ActiveCfg = Debug|Any CPU
		{0D61C839-26CF-4EE9-8F7C-8D4882275484}.Debug|Any CPU.Build.0 = Debug|Any CPU
		{0D61C839-26CF-4EE9-8F7C-8D4882275484}.Release|Any CPU.ActiveCfg = Release|Any CPU
		{0D61C839-26CF-4EE9-8F7C-8D4882275484}.Release|Any CPU.Build.0 = Release|Any CPU
		{89638C58-2151-4787-8A51-2036B6DF0156}.Debug|Any CPU.ActiveCfg = Debug|Any CPU
		{89638C58-2151-4787-8A51-2036B6DF0156}.Debug|Any CPU.Build.0 = Debug|Any CPU
		{89638C58-2151-4787-8A51-2036B6DF0156}.Release|Any CPU.ActiveCfg = Release|Any CPU
		{89638C58-2151-4787-8A51-2036B6DF0156}.Release|Any CPU.Build.0 = Release|Any CPU
		{DE97C293-F964-4725-A787-9973FD11B8BF}.Debug|Any CPU.ActiveCfg = Debug|Any CPU
		{DE97C293-F964-4725-A787-9973FD11B8BF}.Debug|Any CPU.Build.0 = Debug|Any CPU
		{DE97C293-F964-4725-A787-9973FD11B8BF}.Release|Any CPU.ActiveCfg = Release|Any CPU
		{DE97C293-F964-4725-A787-9973FD11B8BF}.Release|Any CPU.Build.0 = Release|Any CPU
		{F23440AD-43AB-4FF5-834E-295AC56B7FE1}.Debug|Any CPU.ActiveCfg = Debug|Any CPU
		{F23440AD-43AB-4FF5-834E-295AC56B7FE1}.Debug|Any CPU.Build.0 = Debug|Any CPU
		{F23440AD-43AB-4FF5-834E-295AC56B7FE1}.Release|Any CPU.ActiveCfg = Release|Any CPU
		{F23440AD-43AB-4FF5-834E-295AC56B7FE1}.Release|Any CPU.Build.0 = Release|Any CPU
		{6821DF8C-1413-4D16-AC10-D428E416CE7B}.Debug|Any CPU.ActiveCfg = Debug|Any CPU
		{6821DF8C-1413-4D16-AC10-D428E416CE7B}.Debug|Any CPU.Build.0 = Debug|Any CPU
		{6821DF8C-1413-4D16-AC10-D428E416CE7B}.Release|Any CPU.ActiveCfg = Release|Any CPU
		{6821DF8C-1413-4D16-AC10-D428E416CE7B}.Release|Any CPU.Build.0 = Release|Any CPU
		{3DB76E06-56D4-4A81-9AD9-47B98F19A9D2}.Debug|Any CPU.ActiveCfg = Debug|Any CPU
		{3DB76E06-56D4-4A81-9AD9-47B98F19A9D2}.Debug|Any CPU.Build.0 = Debug|Any CPU
		{3DB76E06-56D4-4A81-9AD9-47B98F19A9D2}.Release|Any CPU.ActiveCfg = Release|Any CPU
		{3DB76E06-56D4-4A81-9AD9-47B98F19A9D2}.Release|Any CPU.Build.0 = Release|Any CPU
		{4A50D480-2ECC-4596-9E8F-B5C96EB203BE}.Debug|Any CPU.ActiveCfg = Debug|Any CPU
		{4A50D480-2ECC-4596-9E8F-B5C96EB203BE}.Debug|Any CPU.Build.0 = Debug|Any CPU
		{4A50D480-2ECC-4596-9E8F-B5C96EB203BE}.Release|Any CPU.ActiveCfg = Release|Any CPU
		{4A50D480-2ECC-4596-9E8F-B5C96EB203BE}.Release|Any CPU.Build.0 = Release|Any CPU
		{1B25D786-58C3-475B-B03E-6AE191B7632F}.Debug|Any CPU.ActiveCfg = Debug|Any CPU
		{1B25D786-58C3-475B-B03E-6AE191B7632F}.Debug|Any CPU.Build.0 = Debug|Any CPU
		{1B25D786-58C3-475B-B03E-6AE191B7632F}.Release|Any CPU.ActiveCfg = Release|Any CPU
		{1B25D786-58C3-475B-B03E-6AE191B7632F}.Release|Any CPU.Build.0 = Release|Any CPU
		{3A11B4D2-6923-4439-AADF-61D11B46E7B5}.Debug|Any CPU.ActiveCfg = Debug|Any CPU
		{3A11B4D2-6923-4439-AADF-61D11B46E7B5}.Debug|Any CPU.Build.0 = Debug|Any CPU
		{3A11B4D2-6923-4439-AADF-61D11B46E7B5}.Release|Any CPU.ActiveCfg = Release|Any CPU
		{3A11B4D2-6923-4439-AADF-61D11B46E7B5}.Release|Any CPU.Build.0 = Release|Any CPU
		{35519556-6F05-4728-8D11-D452F1EDAEFF}.Debug|Any CPU.ActiveCfg = Debug|Any CPU
		{35519556-6F05-4728-8D11-D452F1EDAEFF}.Debug|Any CPU.Build.0 = Debug|Any CPU
		{35519556-6F05-4728-8D11-D452F1EDAEFF}.Release|Any CPU.ActiveCfg = Release|Any CPU
		{35519556-6F05-4728-8D11-D452F1EDAEFF}.Release|Any CPU.Build.0 = Release|Any CPU
		{5B56069E-1A8D-434E-90CB-3457E257BC38}.Debug|Any CPU.ActiveCfg = Debug|Any CPU
		{5B56069E-1A8D-434E-90CB-3457E257BC38}.Debug|Any CPU.Build.0 = Debug|Any CPU
		{5B56069E-1A8D-434E-90CB-3457E257BC38}.Release|Any CPU.ActiveCfg = Release|Any CPU
		{5B56069E-1A8D-434E-90CB-3457E257BC38}.Release|Any CPU.Build.0 = Release|Any CPU
		{B148FCAA-9ABC-4DD2-A922-2A430531DA4C}.Debug|Any CPU.ActiveCfg = Debug|Any CPU
		{B148FCAA-9ABC-4DD2-A922-2A430531DA4C}.Debug|Any CPU.Build.0 = Debug|Any CPU
		{B148FCAA-9ABC-4DD2-A922-2A430531DA4C}.Release|Any CPU.ActiveCfg = Release|Any CPU
		{B148FCAA-9ABC-4DD2-A922-2A430531DA4C}.Release|Any CPU.Build.0 = Release|Any CPU
		{2EF092D4-B2FE-41C8-98DE-3C3DC8DCC0D7}.Debug|Any CPU.ActiveCfg = Debug|Any CPU
		{2EF092D4-B2FE-41C8-98DE-3C3DC8DCC0D7}.Debug|Any CPU.Build.0 = Debug|Any CPU
		{2EF092D4-B2FE-41C8-98DE-3C3DC8DCC0D7}.Release|Any CPU.ActiveCfg = Release|Any CPU
		{2EF092D4-B2FE-41C8-98DE-3C3DC8DCC0D7}.Release|Any CPU.Build.0 = Release|Any CPU
		{19767F9E-C998-43D0-AE0F-40EB74B272A7}.Debug|Any CPU.ActiveCfg = Debug|Any CPU
		{19767F9E-C998-43D0-AE0F-40EB74B272A7}.Debug|Any CPU.Build.0 = Debug|Any CPU
		{19767F9E-C998-43D0-AE0F-40EB74B272A7}.Release|Any CPU.ActiveCfg = Release|Any CPU
		{19767F9E-C998-43D0-AE0F-40EB74B272A7}.Release|Any CPU.Build.0 = Release|Any CPU
		{BE97B745-9731-43CD-A745-59C22E1CB5F8}.Debug|Any CPU.ActiveCfg = Debug|Any CPU
		{BE97B745-9731-43CD-A745-59C22E1CB5F8}.Debug|Any CPU.Build.0 = Debug|Any CPU
		{BE97B745-9731-43CD-A745-59C22E1CB5F8}.Release|Any CPU.ActiveCfg = Release|Any CPU
		{BE97B745-9731-43CD-A745-59C22E1CB5F8}.Release|Any CPU.Build.0 = Release|Any CPU
		{ADAEDC81-F540-4A7E-B48C-CF6FF520DB51}.Debug|Any CPU.ActiveCfg = Debug|Any CPU
		{ADAEDC81-F540-4A7E-B48C-CF6FF520DB51}.Debug|Any CPU.Build.0 = Debug|Any CPU
		{ADAEDC81-F540-4A7E-B48C-CF6FF520DB51}.Release|Any CPU.ActiveCfg = Release|Any CPU
		{ADAEDC81-F540-4A7E-B48C-CF6FF520DB51}.Release|Any CPU.Build.0 = Release|Any CPU
		{5F2207EC-CB18-424B-ADDF-DF0E666B9E49}.Debug|Any CPU.ActiveCfg = Debug|Any CPU
		{5F2207EC-CB18-424B-ADDF-DF0E666B9E49}.Debug|Any CPU.Build.0 = Debug|Any CPU
		{5F2207EC-CB18-424B-ADDF-DF0E666B9E49}.Release|Any CPU.ActiveCfg = Release|Any CPU
		{5F2207EC-CB18-424B-ADDF-DF0E666B9E49}.Release|Any CPU.Build.0 = Release|Any CPU
		{597D4436-568D-435A-A276-36CC0279975F}.Debug|Any CPU.ActiveCfg = Debug|Any CPU
		{597D4436-568D-435A-A276-36CC0279975F}.Debug|Any CPU.Build.0 = Debug|Any CPU
		{597D4436-568D-435A-A276-36CC0279975F}.Release|Any CPU.ActiveCfg = Release|Any CPU
		{597D4436-568D-435A-A276-36CC0279975F}.Release|Any CPU.Build.0 = Release|Any CPU
		{40359189-33FF-4BF1-AFD2-A8A705A7F01A}.Debug|Any CPU.ActiveCfg = Debug|Any CPU
		{40359189-33FF-4BF1-AFD2-A8A705A7F01A}.Debug|Any CPU.Build.0 = Debug|Any CPU
		{40359189-33FF-4BF1-AFD2-A8A705A7F01A}.Release|Any CPU.ActiveCfg = Release|Any CPU
		{40359189-33FF-4BF1-AFD2-A8A705A7F01A}.Release|Any CPU.Build.0 = Release|Any CPU
		{2FF17F9D-DF9F-487B-927A-163F25A8619E}.Debug|Any CPU.ActiveCfg = Debug|Any CPU
		{2FF17F9D-DF9F-487B-927A-163F25A8619E}.Debug|Any CPU.Build.0 = Debug|Any CPU
		{2FF17F9D-DF9F-487B-927A-163F25A8619E}.Release|Any CPU.ActiveCfg = Release|Any CPU
		{2FF17F9D-DF9F-487B-927A-163F25A8619E}.Release|Any CPU.Build.0 = Release|Any CPU
		{20D3BF39-13C3-4C6B-8B7C-2503BFBACE2D}.Debug|Any CPU.ActiveCfg = Debug|Any CPU
		{20D3BF39-13C3-4C6B-8B7C-2503BFBACE2D}.Debug|Any CPU.Build.0 = Debug|Any CPU
		{20D3BF39-13C3-4C6B-8B7C-2503BFBACE2D}.Release|Any CPU.ActiveCfg = Release|Any CPU
		{20D3BF39-13C3-4C6B-8B7C-2503BFBACE2D}.Release|Any CPU.Build.0 = Release|Any CPU
		{6DEA5E98-8438-46AC-866F-C069D34772AA}.Debug|Any CPU.ActiveCfg = Debug|Any CPU
		{6DEA5E98-8438-46AC-866F-C069D34772AA}.Debug|Any CPU.Build.0 = Debug|Any CPU
		{6DEA5E98-8438-46AC-866F-C069D34772AA}.Release|Any CPU.ActiveCfg = Release|Any CPU
		{6DEA5E98-8438-46AC-866F-C069D34772AA}.Release|Any CPU.Build.0 = Release|Any CPU
		{DD2932E5-0C3E-437D-861F-29EAA45390E9}.Debug|Any CPU.ActiveCfg = Debug|Any CPU
		{DD2932E5-0C3E-437D-861F-29EAA45390E9}.Debug|Any CPU.Build.0 = Debug|Any CPU
		{DD2932E5-0C3E-437D-861F-29EAA45390E9}.Release|Any CPU.ActiveCfg = Release|Any CPU
		{DD2932E5-0C3E-437D-861F-29EAA45390E9}.Release|Any CPU.Build.0 = Release|Any CPU
		{3088A020-047E-48D2-9ED5-A1A6DD04114D}.Debug|Any CPU.ActiveCfg = Debug|Any CPU
		{3088A020-047E-48D2-9ED5-A1A6DD04114D}.Debug|Any CPU.Build.0 = Debug|Any CPU
		{3088A020-047E-48D2-9ED5-A1A6DD04114D}.Release|Any CPU.ActiveCfg = Release|Any CPU
		{3088A020-047E-48D2-9ED5-A1A6DD04114D}.Release|Any CPU.Build.0 = Release|Any CPU
		{6FDA49ED-B074-439F-8E6D-4B13C9C1CB87}.Debug|Any CPU.ActiveCfg = Debug|Any CPU
		{6FDA49ED-B074-439F-8E6D-4B13C9C1CB87}.Debug|Any CPU.Build.0 = Debug|Any CPU
		{6FDA49ED-B074-439F-8E6D-4B13C9C1CB87}.Release|Any CPU.ActiveCfg = Release|Any CPU
		{6FDA49ED-B074-439F-8E6D-4B13C9C1CB87}.Release|Any CPU.Build.0 = Release|Any CPU
		{E4617B2F-EA20-43A0-A4D1-E7BAF5E03551}.Debug|Any CPU.ActiveCfg = Debug|Any CPU
		{E4617B2F-EA20-43A0-A4D1-E7BAF5E03551}.Debug|Any CPU.Build.0 = Debug|Any CPU
		{E4617B2F-EA20-43A0-A4D1-E7BAF5E03551}.Release|Any CPU.ActiveCfg = Release|Any CPU
		{E4617B2F-EA20-43A0-A4D1-E7BAF5E03551}.Release|Any CPU.Build.0 = Release|Any CPU
		{1E6568F6-DCD0-4D96-968F-0F484F04B6C9}.Debug|Any CPU.ActiveCfg = Debug|Any CPU
		{1E6568F6-DCD0-4D96-968F-0F484F04B6C9}.Debug|Any CPU.Build.0 = Debug|Any CPU
		{1E6568F6-DCD0-4D96-968F-0F484F04B6C9}.Release|Any CPU.ActiveCfg = Release|Any CPU
		{1E6568F6-DCD0-4D96-968F-0F484F04B6C9}.Release|Any CPU.Build.0 = Release|Any CPU
		{B458BDD2-0579-4878-98EC-B8C0BDFABAD3}.Debug|Any CPU.ActiveCfg = Debug|Any CPU
		{B458BDD2-0579-4878-98EC-B8C0BDFABAD3}.Debug|Any CPU.Build.0 = Debug|Any CPU
		{B458BDD2-0579-4878-98EC-B8C0BDFABAD3}.Release|Any CPU.ActiveCfg = Release|Any CPU
		{B458BDD2-0579-4878-98EC-B8C0BDFABAD3}.Release|Any CPU.Build.0 = Release|Any CPU
		{3FEE4F09-910D-45D5-AA8A-8CC2CE6819C4}.Debug|Any CPU.ActiveCfg = Debug|Any CPU
		{3FEE4F09-910D-45D5-AA8A-8CC2CE6819C4}.Debug|Any CPU.Build.0 = Debug|Any CPU
		{3FEE4F09-910D-45D5-AA8A-8CC2CE6819C4}.Release|Any CPU.ActiveCfg = Release|Any CPU
		{3FEE4F09-910D-45D5-AA8A-8CC2CE6819C4}.Release|Any CPU.Build.0 = Release|Any CPU
		{4984F012-FF60-4902-8E13-F5CD584F7F42}.Debug|Any CPU.ActiveCfg = Debug|Any CPU
		{4984F012-FF60-4902-8E13-F5CD584F7F42}.Debug|Any CPU.Build.0 = Debug|Any CPU
		{4984F012-FF60-4902-8E13-F5CD584F7F42}.Release|Any CPU.ActiveCfg = Release|Any CPU
		{4984F012-FF60-4902-8E13-F5CD584F7F42}.Release|Any CPU.Build.0 = Release|Any CPU
		{4AEE30C4-B719-4DBB-80D8-655A2BF4FD07}.Debug|Any CPU.ActiveCfg = Debug|Any CPU
		{4AEE30C4-B719-4DBB-80D8-655A2BF4FD07}.Debug|Any CPU.Build.0 = Debug|Any CPU
		{4AEE30C4-B719-4DBB-80D8-655A2BF4FD07}.Release|Any CPU.ActiveCfg = Release|Any CPU
		{4AEE30C4-B719-4DBB-80D8-655A2BF4FD07}.Release|Any CPU.Build.0 = Release|Any CPU
		{34AA512F-9FFA-4D83-A00F-7C5205BBAB90}.Debug|Any CPU.ActiveCfg = Debug|Any CPU
		{34AA512F-9FFA-4D83-A00F-7C5205BBAB90}.Debug|Any CPU.Build.0 = Debug|Any CPU
		{34AA512F-9FFA-4D83-A00F-7C5205BBAB90}.Release|Any CPU.ActiveCfg = Release|Any CPU
		{34AA512F-9FFA-4D83-A00F-7C5205BBAB90}.Release|Any CPU.Build.0 = Release|Any CPU
		{207AE6F2-0797-4EFA-9553-AE352B1E5BBB}.Debug|Any CPU.ActiveCfg = Debug|Any CPU
		{207AE6F2-0797-4EFA-9553-AE352B1E5BBB}.Debug|Any CPU.Build.0 = Debug|Any CPU
		{207AE6F2-0797-4EFA-9553-AE352B1E5BBB}.Release|Any CPU.ActiveCfg = Release|Any CPU
		{207AE6F2-0797-4EFA-9553-AE352B1E5BBB}.Release|Any CPU.Build.0 = Release|Any CPU
		{6AB9D1C2-4F39-44FC-A7A6-F9DCC117BED5}.Debug|Any CPU.ActiveCfg = Debug|Any CPU
		{6AB9D1C2-4F39-44FC-A7A6-F9DCC117BED5}.Debug|Any CPU.Build.0 = Debug|Any CPU
		{6AB9D1C2-4F39-44FC-A7A6-F9DCC117BED5}.Release|Any CPU.ActiveCfg = Release|Any CPU
		{6AB9D1C2-4F39-44FC-A7A6-F9DCC117BED5}.Release|Any CPU.Build.0 = Release|Any CPU
		{B8A000EE-DC50-44F4-8522-87AD0080C7D9}.Debug|Any CPU.ActiveCfg = Debug|Any CPU
		{B8A000EE-DC50-44F4-8522-87AD0080C7D9}.Debug|Any CPU.Build.0 = Debug|Any CPU
		{B8A000EE-DC50-44F4-8522-87AD0080C7D9}.Release|Any CPU.ActiveCfg = Release|Any CPU
		{B8A000EE-DC50-44F4-8522-87AD0080C7D9}.Release|Any CPU.Build.0 = Release|Any CPU
		{D38BCF97-1BA2-4329-A7E3-481BAF1B1322}.Debug|Any CPU.ActiveCfg = Debug|Any CPU
		{D38BCF97-1BA2-4329-A7E3-481BAF1B1322}.Debug|Any CPU.Build.0 = Debug|Any CPU
		{D38BCF97-1BA2-4329-A7E3-481BAF1B1322}.Release|Any CPU.ActiveCfg = Release|Any CPU
		{D38BCF97-1BA2-4329-A7E3-481BAF1B1322}.Release|Any CPU.Build.0 = Release|Any CPU
		{2CD61CEC-8556-4A9C-A46D-72255297D78A}.Debug|Any CPU.ActiveCfg = Debug|Any CPU
		{2CD61CEC-8556-4A9C-A46D-72255297D78A}.Debug|Any CPU.Build.0 = Debug|Any CPU
		{2CD61CEC-8556-4A9C-A46D-72255297D78A}.Release|Any CPU.ActiveCfg = Release|Any CPU
		{2CD61CEC-8556-4A9C-A46D-72255297D78A}.Release|Any CPU.Build.0 = Release|Any CPU
		{09AEDA4E-3E19-44E9-857A-A941859A5B80}.Debug|Any CPU.ActiveCfg = Debug|Any CPU
		{09AEDA4E-3E19-44E9-857A-A941859A5B80}.Debug|Any CPU.Build.0 = Debug|Any CPU
		{09AEDA4E-3E19-44E9-857A-A941859A5B80}.Release|Any CPU.ActiveCfg = Release|Any CPU
		{09AEDA4E-3E19-44E9-857A-A941859A5B80}.Release|Any CPU.Build.0 = Release|Any CPU
		{25D3E4B8-F4D5-4801-9A96-2B606B200351}.Debug|Any CPU.ActiveCfg = Debug|Any CPU
		{25D3E4B8-F4D5-4801-9A96-2B606B200351}.Debug|Any CPU.Build.0 = Debug|Any CPU
		{25D3E4B8-F4D5-4801-9A96-2B606B200351}.Release|Any CPU.ActiveCfg = Release|Any CPU
		{25D3E4B8-F4D5-4801-9A96-2B606B200351}.Release|Any CPU.Build.0 = Release|Any CPU
		{1063600E-B2FA-4616-97F2-943E2D2A81C3}.Debug|Any CPU.ActiveCfg = Debug|Any CPU
		{1063600E-B2FA-4616-97F2-943E2D2A81C3}.Debug|Any CPU.Build.0 = Debug|Any CPU
		{1063600E-B2FA-4616-97F2-943E2D2A81C3}.Release|Any CPU.ActiveCfg = Release|Any CPU
		{1063600E-B2FA-4616-97F2-943E2D2A81C3}.Release|Any CPU.Build.0 = Release|Any CPU
		{B3FCD129-A82D-4485-A0B6-E0DA38BFD277}.Debug|Any CPU.ActiveCfg = Debug|Any CPU
		{B3FCD129-A82D-4485-A0B6-E0DA38BFD277}.Debug|Any CPU.Build.0 = Debug|Any CPU
		{B3FCD129-A82D-4485-A0B6-E0DA38BFD277}.Release|Any CPU.ActiveCfg = Release|Any CPU
		{B3FCD129-A82D-4485-A0B6-E0DA38BFD277}.Release|Any CPU.Build.0 = Release|Any CPU
		{24D670A6-2569-4D18-9F32-10FD1A08E909}.Debug|Any CPU.ActiveCfg = Debug|Any CPU
		{24D670A6-2569-4D18-9F32-10FD1A08E909}.Debug|Any CPU.Build.0 = Debug|Any CPU
		{24D670A6-2569-4D18-9F32-10FD1A08E909}.Release|Any CPU.ActiveCfg = Release|Any CPU
		{24D670A6-2569-4D18-9F32-10FD1A08E909}.Release|Any CPU.Build.0 = Release|Any CPU
		{48771691-D2F5-473D-B2D6-ED61B34286E4}.Debug|Any CPU.ActiveCfg = Debug|Any CPU
		{48771691-D2F5-473D-B2D6-ED61B34286E4}.Debug|Any CPU.Build.0 = Debug|Any CPU
		{48771691-D2F5-473D-B2D6-ED61B34286E4}.Release|Any CPU.ActiveCfg = Release|Any CPU
		{48771691-D2F5-473D-B2D6-ED61B34286E4}.Release|Any CPU.Build.0 = Release|Any CPU
		{14E99EFA-BCFB-4ED3-8ECC-30FD7B0F188A}.Debug|Any CPU.ActiveCfg = Debug|Any CPU
		{14E99EFA-BCFB-4ED3-8ECC-30FD7B0F188A}.Debug|Any CPU.Build.0 = Debug|Any CPU
		{14E99EFA-BCFB-4ED3-8ECC-30FD7B0F188A}.Release|Any CPU.ActiveCfg = Release|Any CPU
		{14E99EFA-BCFB-4ED3-8ECC-30FD7B0F188A}.Release|Any CPU.Build.0 = Release|Any CPU
		{ABFBBE09-D483-4BE0-A0B4-FAD467589E2C}.Debug|Any CPU.ActiveCfg = Debug|Any CPU
		{ABFBBE09-D483-4BE0-A0B4-FAD467589E2C}.Debug|Any CPU.Build.0 = Debug|Any CPU
		{ABFBBE09-D483-4BE0-A0B4-FAD467589E2C}.Release|Any CPU.ActiveCfg = Release|Any CPU
		{ABFBBE09-D483-4BE0-A0B4-FAD467589E2C}.Release|Any CPU.Build.0 = Release|Any CPU
		{9E357A44-2117-4095-9005-FA7D4AC34B20}.Debug|Any CPU.ActiveCfg = Debug|Any CPU
		{9E357A44-2117-4095-9005-FA7D4AC34B20}.Debug|Any CPU.Build.0 = Debug|Any CPU
		{9E357A44-2117-4095-9005-FA7D4AC34B20}.Release|Any CPU.ActiveCfg = Release|Any CPU
		{9E357A44-2117-4095-9005-FA7D4AC34B20}.Release|Any CPU.Build.0 = Release|Any CPU
		{5161DA82-1D19-48CC-93B2-3F7B188B41DA}.Debug|Any CPU.ActiveCfg = Debug|Any CPU
		{5161DA82-1D19-48CC-93B2-3F7B188B41DA}.Debug|Any CPU.Build.0 = Debug|Any CPU
		{5161DA82-1D19-48CC-93B2-3F7B188B41DA}.Release|Any CPU.ActiveCfg = Release|Any CPU
		{5161DA82-1D19-48CC-93B2-3F7B188B41DA}.Release|Any CPU.Build.0 = Release|Any CPU
		{80F66D59-8A90-470D-949D-B0DFA5378E4F}.Debug|Any CPU.ActiveCfg = Debug|Any CPU
		{80F66D59-8A90-470D-949D-B0DFA5378E4F}.Debug|Any CPU.Build.0 = Debug|Any CPU
		{80F66D59-8A90-470D-949D-B0DFA5378E4F}.Release|Any CPU.ActiveCfg = Release|Any CPU
		{80F66D59-8A90-470D-949D-B0DFA5378E4F}.Release|Any CPU.Build.0 = Release|Any CPU
		{45C1BDF4-3324-4FBF-94A2-860B2F7AB391}.Debug|Any CPU.ActiveCfg = Debug|Any CPU
		{45C1BDF4-3324-4FBF-94A2-860B2F7AB391}.Debug|Any CPU.Build.0 = Debug|Any CPU
		{45C1BDF4-3324-4FBF-94A2-860B2F7AB391}.Release|Any CPU.ActiveCfg = Release|Any CPU
		{45C1BDF4-3324-4FBF-94A2-860B2F7AB391}.Release|Any CPU.Build.0 = Release|Any CPU
		{B67ED9B2-7019-4DC9-812E-DF118CC3507E}.Debug|Any CPU.ActiveCfg = Debug|Any CPU
		{B67ED9B2-7019-4DC9-812E-DF118CC3507E}.Debug|Any CPU.Build.0 = Debug|Any CPU
		{B67ED9B2-7019-4DC9-812E-DF118CC3507E}.Release|Any CPU.ActiveCfg = Release|Any CPU
		{B67ED9B2-7019-4DC9-812E-DF118CC3507E}.Release|Any CPU.Build.0 = Release|Any CPU
		{AF11D7D6-F304-4A58-9726-C2F850148B55}.Debug|Any CPU.ActiveCfg = Debug|Any CPU
		{AF11D7D6-F304-4A58-9726-C2F850148B55}.Debug|Any CPU.Build.0 = Debug|Any CPU
		{AF11D7D6-F304-4A58-9726-C2F850148B55}.Release|Any CPU.ActiveCfg = Release|Any CPU
		{AF11D7D6-F304-4A58-9726-C2F850148B55}.Release|Any CPU.Build.0 = Release|Any CPU
		{894FD988-4160-4A5B-B2FB-CA4C7DFC9FDD}.Debug|Any CPU.ActiveCfg = Debug|Any CPU
		{894FD988-4160-4A5B-B2FB-CA4C7DFC9FDD}.Debug|Any CPU.Build.0 = Debug|Any CPU
		{894FD988-4160-4A5B-B2FB-CA4C7DFC9FDD}.Release|Any CPU.ActiveCfg = Release|Any CPU
		{894FD988-4160-4A5B-B2FB-CA4C7DFC9FDD}.Release|Any CPU.Build.0 = Release|Any CPU
		{C8ED2D3A-E227-4DC8-B746-7C072F6FBB76}.Debug|Any CPU.ActiveCfg = Debug|Any CPU
		{C8ED2D3A-E227-4DC8-B746-7C072F6FBB76}.Debug|Any CPU.Build.0 = Debug|Any CPU
		{C8ED2D3A-E227-4DC8-B746-7C072F6FBB76}.Release|Any CPU.ActiveCfg = Release|Any CPU
		{C8ED2D3A-E227-4DC8-B746-7C072F6FBB76}.Release|Any CPU.Build.0 = Release|Any CPU
		{C7F782C6-8693-44F4-B5DD-503173BAF934}.Debug|Any CPU.ActiveCfg = Debug|Any CPU
		{C7F782C6-8693-44F4-B5DD-503173BAF934}.Debug|Any CPU.Build.0 = Debug|Any CPU
		{C7F782C6-8693-44F4-B5DD-503173BAF934}.Release|Any CPU.ActiveCfg = Release|Any CPU
		{C7F782C6-8693-44F4-B5DD-503173BAF934}.Release|Any CPU.Build.0 = Release|Any CPU
		{285A875C-8B18-4F42-88DB-067981821BE0}.Debug|Any CPU.ActiveCfg = Debug|Any CPU
		{285A875C-8B18-4F42-88DB-067981821BE0}.Debug|Any CPU.Build.0 = Debug|Any CPU
		{285A875C-8B18-4F42-88DB-067981821BE0}.Release|Any CPU.ActiveCfg = Release|Any CPU
		{285A875C-8B18-4F42-88DB-067981821BE0}.Release|Any CPU.Build.0 = Release|Any CPU
		{29E13E23-2FCD-47BF-B165-641F2B7C4200}.Debug|Any CPU.ActiveCfg = Debug|Any CPU
		{29E13E23-2FCD-47BF-B165-641F2B7C4200}.Debug|Any CPU.Build.0 = Debug|Any CPU
		{29E13E23-2FCD-47BF-B165-641F2B7C4200}.Release|Any CPU.ActiveCfg = Release|Any CPU
		{29E13E23-2FCD-47BF-B165-641F2B7C4200}.Release|Any CPU.Build.0 = Release|Any CPU
		{729E7AAA-A64F-4F7E-BF9D-A8C55C5655A4}.Debug|Any CPU.ActiveCfg = Debug|Any CPU
		{729E7AAA-A64F-4F7E-BF9D-A8C55C5655A4}.Debug|Any CPU.Build.0 = Debug|Any CPU
		{729E7AAA-A64F-4F7E-BF9D-A8C55C5655A4}.Release|Any CPU.ActiveCfg = Release|Any CPU
		{729E7AAA-A64F-4F7E-BF9D-A8C55C5655A4}.Release|Any CPU.Build.0 = Release|Any CPU
		{D4F81F06-9606-4934-A4C0-6DB3AC8F80FA}.Debug|Any CPU.ActiveCfg = Debug|Any CPU
		{D4F81F06-9606-4934-A4C0-6DB3AC8F80FA}.Debug|Any CPU.Build.0 = Debug|Any CPU
		{D4F81F06-9606-4934-A4C0-6DB3AC8F80FA}.Release|Any CPU.ActiveCfg = Release|Any CPU
		{D4F81F06-9606-4934-A4C0-6DB3AC8F80FA}.Release|Any CPU.Build.0 = Release|Any CPU
		{457C0AE0-21AD-48BE-BFDC-36A1D0EB9C37}.Debug|Any CPU.ActiveCfg = Debug|Any CPU
		{457C0AE0-21AD-48BE-BFDC-36A1D0EB9C37}.Debug|Any CPU.Build.0 = Debug|Any CPU
		{457C0AE0-21AD-48BE-BFDC-36A1D0EB9C37}.Release|Any CPU.ActiveCfg = Release|Any CPU
		{457C0AE0-21AD-48BE-BFDC-36A1D0EB9C37}.Release|Any CPU.Build.0 = Release|Any CPU
		{22E41351-A00E-4DFD-B8E2-9266A549EC84}.Debug|Any CPU.ActiveCfg = Debug|Any CPU
		{22E41351-A00E-4DFD-B8E2-9266A549EC84}.Debug|Any CPU.Build.0 = Debug|Any CPU
		{22E41351-A00E-4DFD-B8E2-9266A549EC84}.Release|Any CPU.ActiveCfg = Release|Any CPU
		{22E41351-A00E-4DFD-B8E2-9266A549EC84}.Release|Any CPU.Build.0 = Release|Any CPU
		{E8A5C12A-A129-4779-9559-56D60B7C6304}.Debug|Any CPU.ActiveCfg = Debug|Any CPU
		{E8A5C12A-A129-4779-9559-56D60B7C6304}.Debug|Any CPU.Build.0 = Debug|Any CPU
		{E8A5C12A-A129-4779-9559-56D60B7C6304}.Release|Any CPU.ActiveCfg = Release|Any CPU
		{E8A5C12A-A129-4779-9559-56D60B7C6304}.Release|Any CPU.Build.0 = Release|Any CPU
		{6E6E1EE9-4F5B-4905-96AB-F2053EF85608}.Debug|Any CPU.ActiveCfg = Debug|Any CPU
		{6E6E1EE9-4F5B-4905-96AB-F2053EF85608}.Debug|Any CPU.Build.0 = Debug|Any CPU
		{6E6E1EE9-4F5B-4905-96AB-F2053EF85608}.Release|Any CPU.ActiveCfg = Release|Any CPU
		{6E6E1EE9-4F5B-4905-96AB-F2053EF85608}.Release|Any CPU.Build.0 = Release|Any CPU
		{A7E98D14-C65A-4EC3-BA4F-79DA9AD08706}.Debug|Any CPU.ActiveCfg = Debug|Any CPU
		{A7E98D14-C65A-4EC3-BA4F-79DA9AD08706}.Debug|Any CPU.Build.0 = Debug|Any CPU
		{A7E98D14-C65A-4EC3-BA4F-79DA9AD08706}.Release|Any CPU.ActiveCfg = Release|Any CPU
		{A7E98D14-C65A-4EC3-BA4F-79DA9AD08706}.Release|Any CPU.Build.0 = Release|Any CPU
		{FDA205D9-3BE1-4764-AEED-178B3C4B65F9}.Debug|Any CPU.ActiveCfg = Debug|Any CPU
		{FDA205D9-3BE1-4764-AEED-178B3C4B65F9}.Debug|Any CPU.Build.0 = Debug|Any CPU
		{FDA205D9-3BE1-4764-AEED-178B3C4B65F9}.Release|Any CPU.ActiveCfg = Release|Any CPU
		{FDA205D9-3BE1-4764-AEED-178B3C4B65F9}.Release|Any CPU.Build.0 = Release|Any CPU
		{9AC3FE58-F273-418C-8F54-12C0B021D525}.Debug|Any CPU.ActiveCfg = Debug|Any CPU
		{9AC3FE58-F273-418C-8F54-12C0B021D525}.Debug|Any CPU.Build.0 = Debug|Any CPU
		{9AC3FE58-F273-418C-8F54-12C0B021D525}.Release|Any CPU.ActiveCfg = Release|Any CPU
		{9AC3FE58-F273-418C-8F54-12C0B021D525}.Release|Any CPU.Build.0 = Release|Any CPU
		{6853377B-997C-4203-8E03-EE35FE28B016}.Debug|Any CPU.ActiveCfg = Debug|Any CPU
		{6853377B-997C-4203-8E03-EE35FE28B016}.Debug|Any CPU.Build.0 = Debug|Any CPU
		{6853377B-997C-4203-8E03-EE35FE28B016}.Release|Any CPU.ActiveCfg = Release|Any CPU
		{6853377B-997C-4203-8E03-EE35FE28B016}.Release|Any CPU.Build.0 = Release|Any CPU
		{F5C677E7-1924-487C-9E0E-F98C5D56A446}.Debug|Any CPU.ActiveCfg = Debug|Any CPU
		{F5C677E7-1924-487C-9E0E-F98C5D56A446}.Debug|Any CPU.Build.0 = Debug|Any CPU
		{F5C677E7-1924-487C-9E0E-F98C5D56A446}.Release|Any CPU.ActiveCfg = Release|Any CPU
		{F5C677E7-1924-487C-9E0E-F98C5D56A446}.Release|Any CPU.Build.0 = Release|Any CPU
		{99DDF8EC-577E-431B-8E3D-951463EE836E}.Debug|Any CPU.ActiveCfg = Debug|Any CPU
		{99DDF8EC-577E-431B-8E3D-951463EE836E}.Debug|Any CPU.Build.0 = Debug|Any CPU
		{99DDF8EC-577E-431B-8E3D-951463EE836E}.Release|Any CPU.ActiveCfg = Release|Any CPU
		{99DDF8EC-577E-431B-8E3D-951463EE836E}.Release|Any CPU.Build.0 = Release|Any CPU
		{07928A20-C7FC-454E-A280-4BEE2A0BADF6}.Debug|Any CPU.ActiveCfg = Debug|Any CPU
		{07928A20-C7FC-454E-A280-4BEE2A0BADF6}.Debug|Any CPU.Build.0 = Debug|Any CPU
		{07928A20-C7FC-454E-A280-4BEE2A0BADF6}.Release|Any CPU.ActiveCfg = Release|Any CPU
		{07928A20-C7FC-454E-A280-4BEE2A0BADF6}.Release|Any CPU.Build.0 = Release|Any CPU
		{4EBA37F3-6B9B-4038-9C29-4FE5BFB8B9F0}.Debug|Any CPU.ActiveCfg = Debug|Any CPU
		{4EBA37F3-6B9B-4038-9C29-4FE5BFB8B9F0}.Debug|Any CPU.Build.0 = Debug|Any CPU
		{4EBA37F3-6B9B-4038-9C29-4FE5BFB8B9F0}.Release|Any CPU.ActiveCfg = Release|Any CPU
		{4EBA37F3-6B9B-4038-9C29-4FE5BFB8B9F0}.Release|Any CPU.Build.0 = Release|Any CPU
		{3C563566-C5E5-416C-886A-0C4D2EC40422}.Debug|Any CPU.ActiveCfg = Debug|Any CPU
		{3C563566-C5E5-416C-886A-0C4D2EC40422}.Debug|Any CPU.Build.0 = Debug|Any CPU
		{3C563566-C5E5-416C-886A-0C4D2EC40422}.Release|Any CPU.ActiveCfg = Release|Any CPU
		{3C563566-C5E5-416C-886A-0C4D2EC40422}.Release|Any CPU.Build.0 = Release|Any CPU
		{95A8EB04-C03E-4737-A7F8-05B12D29B660}.Debug|Any CPU.ActiveCfg = Debug|Any CPU
		{95A8EB04-C03E-4737-A7F8-05B12D29B660}.Debug|Any CPU.Build.0 = Debug|Any CPU
		{95A8EB04-C03E-4737-A7F8-05B12D29B660}.Release|Any CPU.ActiveCfg = Release|Any CPU
		{95A8EB04-C03E-4737-A7F8-05B12D29B660}.Release|Any CPU.Build.0 = Release|Any CPU
		{6CB3BE17-6076-4B45-A7DE-E7AD9C786065}.Debug|Any CPU.ActiveCfg = Debug|Any CPU
		{6CB3BE17-6076-4B45-A7DE-E7AD9C786065}.Debug|Any CPU.Build.0 = Debug|Any CPU
		{6CB3BE17-6076-4B45-A7DE-E7AD9C786065}.Release|Any CPU.ActiveCfg = Release|Any CPU
		{6CB3BE17-6076-4B45-A7DE-E7AD9C786065}.Release|Any CPU.Build.0 = Release|Any CPU
		{49D977B8-E92B-4A03-97B0-98E64796C853}.Debug|Any CPU.ActiveCfg = Debug|Any CPU
		{49D977B8-E92B-4A03-97B0-98E64796C853}.Debug|Any CPU.Build.0 = Debug|Any CPU
		{49D977B8-E92B-4A03-97B0-98E64796C853}.Release|Any CPU.ActiveCfg = Release|Any CPU
		{49D977B8-E92B-4A03-97B0-98E64796C853}.Release|Any CPU.Build.0 = Release|Any CPU
		{9AA0DF45-84BF-42DA-BABA-EEDEE1D2A662}.Debug|Any CPU.ActiveCfg = Debug|Any CPU
		{9AA0DF45-84BF-42DA-BABA-EEDEE1D2A662}.Debug|Any CPU.Build.0 = Debug|Any CPU
		{9AA0DF45-84BF-42DA-BABA-EEDEE1D2A662}.Release|Any CPU.ActiveCfg = Release|Any CPU
		{9AA0DF45-84BF-42DA-BABA-EEDEE1D2A662}.Release|Any CPU.Build.0 = Release|Any CPU
		{16A354D1-3646-4F88-B674-D475DCA36D9D}.Debug|Any CPU.ActiveCfg = Debug|Any CPU
		{16A354D1-3646-4F88-B674-D475DCA36D9D}.Debug|Any CPU.Build.0 = Debug|Any CPU
		{16A354D1-3646-4F88-B674-D475DCA36D9D}.Release|Any CPU.ActiveCfg = Release|Any CPU
		{16A354D1-3646-4F88-B674-D475DCA36D9D}.Release|Any CPU.Build.0 = Release|Any CPU
		{9E3AABF1-09D4-454C-8EB6-7186F6D25007}.Debug|Any CPU.ActiveCfg = Debug|Any CPU
		{9E3AABF1-09D4-454C-8EB6-7186F6D25007}.Debug|Any CPU.Build.0 = Debug|Any CPU
		{9E3AABF1-09D4-454C-8EB6-7186F6D25007}.Release|Any CPU.ActiveCfg = Release|Any CPU
		{9E3AABF1-09D4-454C-8EB6-7186F6D25007}.Release|Any CPU.Build.0 = Release|Any CPU
		{EE3E0EEC-BCAF-4BC6-89E2-38F455DC5179}.Debug|Any CPU.ActiveCfg = Debug|Any CPU
		{EE3E0EEC-BCAF-4BC6-89E2-38F455DC5179}.Debug|Any CPU.Build.0 = Debug|Any CPU
		{EE3E0EEC-BCAF-4BC6-89E2-38F455DC5179}.Release|Any CPU.ActiveCfg = Release|Any CPU
		{EE3E0EEC-BCAF-4BC6-89E2-38F455DC5179}.Release|Any CPU.Build.0 = Release|Any CPU
		{D4DCB2E0-A208-4EB4-AE34-30CAEB20F102}.Debug|Any CPU.ActiveCfg = Debug|Any CPU
		{D4DCB2E0-A208-4EB4-AE34-30CAEB20F102}.Debug|Any CPU.Build.0 = Debug|Any CPU
		{D4DCB2E0-A208-4EB4-AE34-30CAEB20F102}.Release|Any CPU.ActiveCfg = Release|Any CPU
		{D4DCB2E0-A208-4EB4-AE34-30CAEB20F102}.Release|Any CPU.Build.0 = Release|Any CPU
		{FEDB103F-8450-4E9B-B46E-64EA014D7182}.Debug|Any CPU.ActiveCfg = Debug|Any CPU
		{FEDB103F-8450-4E9B-B46E-64EA014D7182}.Debug|Any CPU.Build.0 = Debug|Any CPU
		{FEDB103F-8450-4E9B-B46E-64EA014D7182}.Release|Any CPU.ActiveCfg = Release|Any CPU
		{FEDB103F-8450-4E9B-B46E-64EA014D7182}.Release|Any CPU.Build.0 = Release|Any CPU
		{79B6B17C-581B-4AE6-A016-9DE8ABBBBCAA}.Debug|Any CPU.ActiveCfg = Debug|Any CPU
		{79B6B17C-581B-4AE6-A016-9DE8ABBBBCAA}.Debug|Any CPU.Build.0 = Debug|Any CPU
		{79B6B17C-581B-4AE6-A016-9DE8ABBBBCAA}.Release|Any CPU.ActiveCfg = Release|Any CPU
		{79B6B17C-581B-4AE6-A016-9DE8ABBBBCAA}.Release|Any CPU.Build.0 = Release|Any CPU
		{10F69035-2B9D-490C-A351-C625EEDF3A66}.Debug|Any CPU.ActiveCfg = Debug|Any CPU
		{10F69035-2B9D-490C-A351-C625EEDF3A66}.Debug|Any CPU.Build.0 = Debug|Any CPU
		{10F69035-2B9D-490C-A351-C625EEDF3A66}.Release|Any CPU.ActiveCfg = Release|Any CPU
		{10F69035-2B9D-490C-A351-C625EEDF3A66}.Release|Any CPU.Build.0 = Release|Any CPU
		{45F8362C-CB60-4813-8D1B-0C7D00FD3208}.Debug|Any CPU.ActiveCfg = Debug|Any CPU
		{45F8362C-CB60-4813-8D1B-0C7D00FD3208}.Debug|Any CPU.Build.0 = Debug|Any CPU
		{45F8362C-CB60-4813-8D1B-0C7D00FD3208}.Release|Any CPU.ActiveCfg = Release|Any CPU
		{45F8362C-CB60-4813-8D1B-0C7D00FD3208}.Release|Any CPU.Build.0 = Release|Any CPU
		{D5075073-ADD5-4F51-A1C0-5B1AFA8B1E12}.Debug|Any CPU.ActiveCfg = Debug|Any CPU
		{D5075073-ADD5-4F51-A1C0-5B1AFA8B1E12}.Debug|Any CPU.Build.0 = Debug|Any CPU
		{D5075073-ADD5-4F51-A1C0-5B1AFA8B1E12}.Release|Any CPU.ActiveCfg = Release|Any CPU
		{D5075073-ADD5-4F51-A1C0-5B1AFA8B1E12}.Release|Any CPU.Build.0 = Release|Any CPU
	EndGlobalSection
	GlobalSection(SolutionProperties) = preSolution
		HideSolutionNode = FALSE
	EndGlobalSection
EndGlobal
